
Microsoft Visual Studio Solution File, Format Version 12.00
# Visual Studio Version 16
VisualStudioVersion = 16.0.32630.194
MinimumVisualStudioVersion = 10.0.40219.1
Project("{FAE04EC0-301F-11D3-BF4B-00C04F79EFBC}") = "DaySpring", "DaySpring\DaySpring.csproj", "{42854869-C821-4D8D-95EA-245DFAC200B1}"
EndProject
Global
	GlobalSection(SolutionConfigurationPlatforms) = preSolution
		Debug|Any CPU = Debug|Any CPU
		Release|Any CPU = Release|Any CPU
	EndGlobalSection
	GlobalSection(ProjectConfigurationPlatforms) = postSolution
		{42854869-C821-4D8D-95EA-245DFAC200B1}.Debug|Any CPU.ActiveCfg = Debug|Any CPU
		{42854869-C821-4D8D-95EA-245DFAC200B1}.Debug|Any CPU.Build.0 = Debug|Any CPU
		{42854869-C821-4D8D-95EA-245DFAC200B1}.Release|Any CPU.ActiveCfg = Release|Any CPU
		{42854869-C821-4D8D-95EA-245DFAC200B1}.Release|Any CPU.Build.0 = Release|Any CPU
	EndGlobalSection
	GlobalSection(SolutionProperties) = preSolution
		HideSolutionNode = FALSE
	EndGlobalSection
	GlobalSection(ExtensibilityGlobals) = postSolution
		SolutionGuid = {63360F98-263A-469E-A603-FEEC8FABC136}
	EndGlobalSection
EndGlobal
